
Microsoft Visual Studio Solution File, Format Version 12.00
# Visual Studio Version 17
VisualStudioVersion = 17.0.32112.339
MinimumVisualStudioVersion = 10.0.40219.1
Project("{FAE04EC0-301F-11D3-BF4B-00C04F79EFBC}") = "TaskBook", "TaskBook\TaskBook.csproj", "{33128CA8-A56C-4A24-B4F6-75165875F550}"
EndProject
Global
	GlobalSection(SolutionConfigurationPlatforms) = preSolution
		Debug|Any CPU = Debug|Any CPU
		Release|Any CPU = Release|Any CPU
	EndGlobalSection
	GlobalSection(ProjectConfigurationPlatforms) = postSolution
		{33128CA8-A56C-4A24-B4F6-75165875F550}.Debug|Any CPU.ActiveCfg = Debug|Any CPU
		{33128CA8-A56C-4A24-B4F6-75165875F550}.Debug|Any CPU.Build.0 = Debug|Any CPU
		{33128CA8-A56C-4A24-B4F6-75165875F550}.Release|Any CPU.ActiveCfg = Release|Any CPU
		{33128CA8-A56C-4A24-B4F6-75165875F550}.Release|Any CPU.Build.0 = Release|Any CPU
	EndGlobalSection
	GlobalSection(SolutionProperties) = preSolution
		HideSolutionNode = FALSE
	EndGlobalSection
	GlobalSection(ExtensibilityGlobals) = postSolution
		SolutionGuid = {6CE161EE-E44B-4288-A62A-F756B98EA113}
	EndGlobalSection
EndGlobal
